
Microsoft Visual Studio Solution File, Format Version 12.00
# Visual Studio Version 17
VisualStudioVersion = 17.5.002.0
MinimumVisualStudioVersion = 10.0.40219.1
Project("{2150E333-8FDC-42A3-9474-1A3956D46DE8}") = "CHP_0_Template", "CHP_0_Template", "{3348667F-6DD6-4371-81CB-F08F07AA372C}"
EndProject
Project("{9A19103F-16F7-4668-BE54-9A1E7A4F7556}") = "Learning", "CHP_0_Template\Learning\Learning.csproj", "{118287A7-F692-44AC-96E5-9F1EFB156224}"
EndProject
Project("{2150E333-8FDC-42A3-9474-1A3956D46DE8}") = "Syrian_Virtual_University", "Syrian_Virtual_University", "{1726CF11-AF71-4E29-91C6-2A98A6DF303D}"
EndProject
Project("{2150E333-8FDC-42A3-9474-1A3956D46DE8}") = "Software_Engineering", "Software_Engineering", "{71B0991F-F9DF-4B41-A723-F678CACFFC74}"
EndProject
Project("{2150E333-8FDC-42A3-9474-1A3956D46DE8}") = "Procedural_Programming", "Procedural_Programming", "{1B6458B2-040D-4D86-B386-CB5B8B09E266}"
EndProject
Project("{2150E333-8FDC-42A3-9474-1A3956D46DE8}") = "Assignment", "Assignment", "{CEA3E7F1-4346-4A2D-9AD8-BC77F3393B4B}"
EndProject
Project("{9A19103F-16F7-4668-BE54-9A1E7A4F7556}") = "Learning", "Syrian_Virtual_University\Software_Engineering\Procedural_Programming\Assignment\Learning\Learning.csproj", "{74EC1DE1-3FE9-4375-AFC8-6D40F4FD1F6F}"
EndProject
Project("{2150E333-8FDC-42A3-9474-1A3956D46DE8}") = "CHP_1_Compound_Data_Types_(Arrays)", "CHP_1_Compound_Data_Types_(Arrays)", "{875B77BD-B081-4A4D-996F-264B9FC8CC53}"
EndProject
Project("{9A19103F-16F7-4668-BE54-9A1E7A4F7556}") = "Learning", "Syrian_Virtual_University\Software_Engineering\Procedural_Programming\CHP_1_Compound_Data_Types_(Arrays)\Learning\Learning.csproj", "{75BDA30C-52B6-458A-9907-1E1E47F70065}"
EndProject
Project("{2150E333-8FDC-42A3-9474-1A3956D46DE8}") = "CHP_2_Compound_Data_Types_(Strings)", "CHP_2_Compound_Data_Types_(Strings)", "{4C6C5B3A-7539-410B-B6B3-F48D30E15F4C}"
EndProject
Project("{9A19103F-16F7-4668-BE54-9A1E7A4F7556}") = "Learning", "Syrian_Virtual_University\Software_Engineering\Procedural_Programming\CHP_2_Compound_Data_Types_(Strings)\Learning\Learning.csproj", "{C4967BEE-5D39-473F-B7F1-66564D5D71AF}"
EndProject
Project("{2150E333-8FDC-42A3-9474-1A3956D46DE8}") = "CHP_3_Practice_On_Compound_Data_Types", "CHP_3_Practice_On_Compound_Data_Types", "{B58C581C-D095-4001-A973-95D9662DFF6E}"
EndProject
Project("{9A19103F-16F7-4668-BE54-9A1E7A4F7556}") = "Learning", "Syrian_Virtual_University\Software_Engineering\Procedural_Programming\CHP_3_Practice_On_Compound_Data_Types\Learning\Learning.csproj", "{55F45598-6049-4A9B-96CD-D22DC14396B7}"
EndProject
Project("{2150E333-8FDC-42A3-9474-1A3956D46DE8}") = "CHP_4_Methods", "CHP_4_Methods", "{59142409-A25C-4A23-B7D6-C1B159301E2D}"
EndProject
Project("{9A19103F-16F7-4668-BE54-9A1E7A4F7556}") = "Learning", "Syrian_Virtual_University\Software_Engineering\Procedural_Programming\CHP_4_Methods\Learning\Learning.csproj", "{CBE46000-83EB-4300-832E-BBA1528C2643}"
EndProject
Project("{2150E333-8FDC-42A3-9474-1A3956D46DE8}") = "CHP_5_Exception_Handling", "CHP_5_Exception_Handling", "{A837DDFF-AAE1-4626-99B1-F477D8F6F0E9}"
EndProject
Project("{9A19103F-16F7-4668-BE54-9A1E7A4F7556}") = "Learning", "Syrian_Virtual_University\Software_Engineering\Procedural_Programming\CHP_5_Exception_Handling\Learning\Learning.csproj", "{852C30E5-B87E-45FA-9C01-19BD5D2E70B2}"
EndProject
Project("{2150E333-8FDC-42A3-9474-1A3956D46DE8}") = "CHP_6_Files_and_Streams", "CHP_6_Files_and_Streams", "{66C50352-3D1C-4CDC-8368-A71C67D5224E}"
EndProject
Project("{9A19103F-16F7-4668-BE54-9A1E7A4F7556}") = "Learning", "Syrian_Virtual_University\Software_Engineering\Procedural_Programming\CHP_6_Files_and_Streams\Learning\Learning.csproj", "{B04F05E9-8776-4F33-A22B-8A63C21ABD3C}"
EndProject
Project("{2150E333-8FDC-42A3-9474-1A3956D46DE8}") = "CHP_7_Practice_On_Methods_Exceptions_and_Files", "CHP_7_Practice_On_Methods_Exceptions_and_Files", "{AD562EF8-6667-4B14-8909-0F05F9638DBC}"
EndProject
Project("{9A19103F-16F7-4668-BE54-9A1E7A4F7556}") = "Learning", "Syrian_Virtual_University\Software_Engineering\Procedural_Programming\CHP_7_Practice_On_Methods_Exceptions_and_Files\Learning\Learning.csproj", "{586681E4-E94B-4B67-9402-0F90C58CE7FC}"
EndProject
Global
	GlobalSection(SolutionConfigurationPlatforms) = preSolution
		Debug|Any CPU = Debug|Any CPU
		Release|Any CPU = Release|Any CPU
	EndGlobalSection
	GlobalSection(ProjectConfigurationPlatforms) = postSolution
		{118287A7-F692-44AC-96E5-9F1EFB156224}.Debug|Any CPU.ActiveCfg = Debug|Any CPU
		{118287A7-F692-44AC-96E5-9F1EFB156224}.Debug|Any CPU.Build.0 = Debug|Any CPU
		{118287A7-F692-44AC-96E5-9F1EFB156224}.Release|Any CPU.ActiveCfg = Release|Any CPU
		{118287A7-F692-44AC-96E5-9F1EFB156224}.Release|Any CPU.Build.0 = Release|Any CPU
		{74EC1DE1-3FE9-4375-AFC8-6D40F4FD1F6F}.Debug|Any CPU.ActiveCfg = Debug|Any CPU
		{74EC1DE1-3FE9-4375-AFC8-6D40F4FD1F6F}.Debug|Any CPU.Build.0 = Debug|Any CPU
		{74EC1DE1-3FE9-4375-AFC8-6D40F4FD1F6F}.Release|Any CPU.ActiveCfg = Release|Any CPU
		{74EC1DE1-3FE9-4375-AFC8-6D40F4FD1F6F}.Release|Any CPU.Build.0 = Release|Any CPU
		{75BDA30C-52B6-458A-9907-1E1E47F70065}.Debug|Any CPU.ActiveCfg = Debug|Any CPU
		{75BDA30C-52B6-458A-9907-1E1E47F70065}.Debug|Any CPU.Build.0 = Debug|Any CPU
		{75BDA30C-52B6-458A-9907-1E1E47F70065}.Release|Any CPU.ActiveCfg = Release|Any CPU
		{75BDA30C-52B6-458A-9907-1E1E47F70065}.Release|Any CPU.Build.0 = Release|Any CPU
		{C4967BEE-5D39-473F-B7F1-66564D5D71AF}.Debug|Any CPU.ActiveCfg = Debug|Any CPU
		{C4967BEE-5D39-473F-B7F1-66564D5D71AF}.Debug|Any CPU.Build.0 = Debug|Any CPU
		{C4967BEE-5D39-473F-B7F1-66564D5D71AF}.Release|Any CPU.ActiveCfg = Release|Any CPU
		{C4967BEE-5D39-473F-B7F1-66564D5D71AF}.Release|Any CPU.Build.0 = Release|Any CPU
		{55F45598-6049-4A9B-96CD-D22DC14396B7}.Debug|Any CPU.ActiveCfg = Debug|Any CPU
		{55F45598-6049-4A9B-96CD-D22DC14396B7}.Debug|Any CPU.Build.0 = Debug|Any CPU
		{55F45598-6049-4A9B-96CD-D22DC14396B7}.Release|Any CPU.ActiveCfg = Release|Any CPU
		{55F45598-6049-4A9B-96CD-D22DC14396B7}.Release|Any CPU.Build.0 = Release|Any CPU
		{CBE46000-83EB-4300-832E-BBA1528C2643}.Debug|Any CPU.ActiveCfg = Debug|Any CPU
		{CBE46000-83EB-4300-832E-BBA1528C2643}.Debug|Any CPU.Build.0 = Debug|Any CPU
		{CBE46000-83EB-4300-832E-BBA1528C2643}.Release|Any CPU.ActiveCfg = Release|Any CPU
		{CBE46000-83EB-4300-832E-BBA1528C2643}.Release|Any CPU.Build.0 = Release|Any CPU
		{852C30E5-B87E-45FA-9C01-19BD5D2E70B2}.Debug|Any CPU.ActiveCfg = Debug|Any CPU
		{852C30E5-B87E-45FA-9C01-19BD5D2E70B2}.Debug|Any CPU.Build.0 = Debug|Any CPU
		{852C30E5-B87E-45FA-9C01-19BD5D2E70B2}.Release|Any CPU.ActiveCfg = Release|Any CPU
		{852C30E5-B87E-45FA-9C01-19BD5D2E70B2}.Release|Any CPU.Build.0 = Release|Any CPU
		{B04F05E9-8776-4F33-A22B-8A63C21ABD3C}.Debug|Any CPU.ActiveCfg = Debug|Any CPU
		{B04F05E9-8776-4F33-A22B-8A63C21ABD3C}.Debug|Any CPU.Build.0 = Debug|Any CPU
		{B04F05E9-8776-4F33-A22B-8A63C21ABD3C}.Release|Any CPU.ActiveCfg = Release|Any CPU
		{B04F05E9-8776-4F33-A22B-8A63C21ABD3C}.Release|Any CPU.Build.0 = Release|Any CPU
		{586681E4-E94B-4B67-9402-0F90C58CE7FC}.Debug|Any CPU.ActiveCfg = Debug|Any CPU
		{586681E4-E94B-4B67-9402-0F90C58CE7FC}.Debug|Any CPU.Build.0 = Debug|Any CPU
		{586681E4-E94B-4B67-9402-0F90C58CE7FC}.Release|Any CPU.ActiveCfg = Release|Any CPU
		{586681E4-E94B-4B67-9402-0F90C58CE7FC}.Release|Any CPU.Build.0 = Release|Any CPU
	EndGlobalSection
	GlobalSection(SolutionProperties) = preSolution
		HideSolutionNode = FALSE
	EndGlobalSection
	GlobalSection(NestedProjects) = preSolution
		{118287A7-F692-44AC-96E5-9F1EFB156224} = {3348667F-6DD6-4371-81CB-F08F07AA372C}
		{71B0991F-F9DF-4B41-A723-F678CACFFC74} = {1726CF11-AF71-4E29-91C6-2A98A6DF303D}
		{1B6458B2-040D-4D86-B386-CB5B8B09E266} = {71B0991F-F9DF-4B41-A723-F678CACFFC74}
		{CEA3E7F1-4346-4A2D-9AD8-BC77F3393B4B} = {1B6458B2-040D-4D86-B386-CB5B8B09E266}
		{74EC1DE1-3FE9-4375-AFC8-6D40F4FD1F6F} = {CEA3E7F1-4346-4A2D-9AD8-BC77F3393B4B}
		{875B77BD-B081-4A4D-996F-264B9FC8CC53} = {1B6458B2-040D-4D86-B386-CB5B8B09E266}
		{75BDA30C-52B6-458A-9907-1E1E47F70065} = {875B77BD-B081-4A4D-996F-264B9FC8CC53}
		{4C6C5B3A-7539-410B-B6B3-F48D30E15F4C} = {1B6458B2-040D-4D86-B386-CB5B8B09E266}
		{C4967BEE-5D39-473F-B7F1-66564D5D71AF} = {4C6C5B3A-7539-410B-B6B3-F48D30E15F4C}
		{B58C581C-D095-4001-A973-95D9662DFF6E} = {1B6458B2-040D-4D86-B386-CB5B8B09E266}
		{55F45598-6049-4A9B-96CD-D22DC14396B7} = {B58C581C-D095-4001-A973-95D9662DFF6E}
		{59142409-A25C-4A23-B7D6-C1B159301E2D} = {1B6458B2-040D-4D86-B386-CB5B8B09E266}
		{CBE46000-83EB-4300-832E-BBA1528C2643} = {59142409-A25C-4A23-B7D6-C1B159301E2D}
		{A837DDFF-AAE1-4626-99B1-F477D8F6F0E9} = {1B6458B2-040D-4D86-B386-CB5B8B09E266}
		{852C30E5-B87E-45FA-9C01-19BD5D2E70B2} = {A837DDFF-AAE1-4626-99B1-F477D8F6F0E9}
		{66C50352-3D1C-4CDC-8368-A71C67D5224E} = {1B6458B2-040D-4D86-B386-CB5B8B09E266}
		{B04F05E9-8776-4F33-A22B-8A63C21ABD3C} = {66C50352-3D1C-4CDC-8368-A71C67D5224E}
		{AD562EF8-6667-4B14-8909-0F05F9638DBC} = {1B6458B2-040D-4D86-B386-CB5B8B09E266}
		{586681E4-E94B-4B67-9402-0F90C58CE7FC} = {AD562EF8-6667-4B14-8909-0F05F9638DBC}
	EndGlobalSection
	GlobalSection(ExtensibilityGlobals) = postSolution
		SolutionGuid = {49C2E66E-F8B9-4F8E-BC3C-A9C116B3DEFF}
	EndGlobalSection
EndGlobal
